// !$*UTF8*$!
{
	archiveVersion = 1;
	classes = {
	};
	objectVersion = 48;
	objects = {

/* Begin PBXBuildFile section */
		0C3E65981FD8BC2A00741EB3 /* LogInViewController.swift in Sources */ = {isa = PBXBuildFile; fileRef = 0C3E65971FD8BC2A00741EB3 /* LogInViewController.swift */; };
		0C3E659D1FD8BCFE00741EB3 /* SignUpViewController.swift in Sources */ = {isa = PBXBuildFile; fileRef = 0C3E659C1FD8BCFE00741EB3 /* SignUpViewController.swift */; };
		0C3E659F1FD8BF1300741EB3 /* User.swift in Sources */ = {isa = PBXBuildFile; fileRef = 0C3E659E1FD8BF1300741EB3 /* User.swift */; };
		0C88B83A1FD62B7A0098ADB6 /* AppDelegate.swift in Sources */ = {isa = PBXBuildFile; fileRef = 0C88B8391FD62B7A0098ADB6 /* AppDelegate.swift */; };
		0C88B83C1FD62B7A0098ADB6 /* ViewController.swift in Sources */ = {isa = PBXBuildFile; fileRef = 0C88B83B1FD62B7A0098ADB6 /* ViewController.swift */; };
		0C88B83F1FD62B7A0098ADB6 /* Main.storyboard in Resources */ = {isa = PBXBuildFile; fileRef = 0C88B83D1FD62B7A0098ADB6 /* Main.storyboard */; };
		0C88B8411FD62B7A0098ADB6 /* Assets.xcassets in Resources */ = {isa = PBXBuildFile; fileRef = 0C88B8401FD62B7A0098ADB6 /* Assets.xcassets */; };
		0C88B8441FD62B7A0098ADB6 /* LaunchScreen.storyboard in Resources */ = {isa = PBXBuildFile; fileRef = 0C88B8421FD62B7A0098ADB6 /* LaunchScreen.storyboard */; };
		0C88B84F1FD62B7A0098ADB6 /* TripPlannerTests.swift in Sources */ = {isa = PBXBuildFile; fileRef = 0C88B84E1FD62B7A0098ADB6 /* TripPlannerTests.swift */; };
		0C88B85A1FD62B7A0098ADB6 /* TripPlannerUITests.swift in Sources */ = {isa = PBXBuildFile; fileRef = 0C88B8591FD62B7A0098ADB6 /* TripPlannerUITests.swift */; };
		0CD1D46F1FD8C4FE005747DE /* Resource.swift in Sources */ = {isa = PBXBuildFile; fileRef = 0CD1D46E1FD8C4FE005747DE /* Resource.swift */; };
		0CD1D4711FD8CDAB005747DE /* Networking.swift in Sources */ = {isa = PBXBuildFile; fileRef = 0CD1D4701FD8CDAB005747DE /* Networking.swift */; };
/* End PBXBuildFile section */

/* Begin PBXContainerItemProxy section */
		0C88B84B1FD62B7A0098ADB6 /* PBXContainerItemProxy */ = {
			isa = PBXContainerItemProxy;
			containerPortal = 0C88B82E1FD62B7A0098ADB6 /* Project object */;
			proxyType = 1;
			remoteGlobalIDString = 0C88B8351FD62B7A0098ADB6;
			remoteInfo = TripPlanner;
		};
		0C88B8561FD62B7A0098ADB6 /* PBXContainerItemProxy */ = {
			isa = PBXContainerItemProxy;
			containerPortal = 0C88B82E1FD62B7A0098ADB6 /* Project object */;
			proxyType = 1;
			remoteGlobalIDString = 0C88B8351FD62B7A0098ADB6;
			remoteInfo = TripPlanner;
		};
/* End PBXContainerItemProxy section */

/* Begin PBXFileReference section */
		0C3E65971FD8BC2A00741EB3 /* LogInViewController.swift */ = {isa = PBXFileReference; lastKnownFileType = sourcecode.swift; path = LogInViewController.swift; sourceTree = "<group>"; };
		0C3E65991FD8BC5F00741EB3 /* space_shuttle_360.png */ = {isa = PBXFileReference; lastKnownFileType = image.png; name = space_shuttle_360.png; path = ../../space_shuttle_360.png; sourceTree = "<group>"; };
		0C3E659A1FD8BC6F00741EB3 /* Screen Shot 2017-12-04 at 5.23.29 PM.png */ = {isa = PBXFileReference; lastKnownFileType = image.png; name = "Screen Shot 2017-12-04 at 5.23.29 PM.png"; path = "../../Screen Shot 2017-12-04 at 5.23.29 PM.png"; sourceTree = "<group>"; };
		0C3E659B1FD8BC8100741EB3 /* trip_planner_360.png */ = {isa = PBXFileReference; lastKnownFileType = image.png; name = trip_planner_360.png; path = ../../trip_planner_360.png; sourceTree = "<group>"; };
		0C3E659C1FD8BCFE00741EB3 /* SignUpViewController.swift */ = {isa = PBXFileReference; lastKnownFileType = sourcecode.swift; path = SignUpViewController.swift; sourceTree = "<group>"; };
		0C3E659E1FD8BF1300741EB3 /* User.swift */ = {isa = PBXFileReference; lastKnownFileType = sourcecode.swift; path = User.swift; sourceTree = "<group>"; };
		0C88B8361FD62B7A0098ADB6 /* TripPlanner.app */ = {isa = PBXFileReference; explicitFileType = wrapper.application; includeInIndex = 0; path = TripPlanner.app; sourceTree = BUILT_PRODUCTS_DIR; };
		0C88B8391FD62B7A0098ADB6 /* AppDelegate.swift */ = {isa = PBXFileReference; lastKnownFileType = sourcecode.swift; path = AppDelegate.swift; sourceTree = "<group>"; };
		0C88B83B1FD62B7A0098ADB6 /* ViewController.swift */ = {isa = PBXFileReference; lastKnownFileType = sourcecode.swift; path = ViewController.swift; sourceTree = "<group>"; };
		0C88B83E1FD62B7A0098ADB6 /* Base */ = {isa = PBXFileReference; lastKnownFileType = file.storyboard; name = Base; path = Base.lproj/Main.storyboard; sourceTree = "<group>"; };
		0C88B8401FD62B7A0098ADB6 /* Assets.xcassets */ = {isa = PBXFileReference; lastKnownFileType = folder.assetcatalog; path = Assets.xcassets; sourceTree = "<group>"; };
		0C88B8431FD62B7A0098ADB6 /* Base */ = {isa = PBXFileReference; lastKnownFileType = file.storyboard; name = Base; path = Base.lproj/LaunchScreen.storyboard; sourceTree = "<group>"; };
		0C88B8451FD62B7A0098ADB6 /* Info.plist */ = {isa = PBXFileReference; lastKnownFileType = text.plist.xml; path = Info.plist; sourceTree = "<group>"; };
		0C88B84A1FD62B7A0098ADB6 /* TripPlannerTests.xctest */ = {isa = PBXFileReference; explicitFileType = wrapper.cfbundle; includeInIndex = 0; path = TripPlannerTests.xctest; sourceTree = BUILT_PRODUCTS_DIR; };
		0C88B84E1FD62B7A0098ADB6 /* TripPlannerTests.swift */ = {isa = PBXFileReference; lastKnownFileType = sourcecode.swift; path = TripPlannerTests.swift; sourceTree = "<group>"; };
		0C88B8501FD62B7A0098ADB6 /* Info.plist */ = {isa = PBXFileReference; lastKnownFileType = text.plist.xml; path = Info.plist; sourceTree = "<group>"; };
		0C88B8551FD62B7A0098ADB6 /* TripPlannerUITests.xctest */ = {isa = PBXFileReference; explicitFileType = wrapper.cfbundle; includeInIndex = 0; path = TripPlannerUITests.xctest; sourceTree = BUILT_PRODUCTS_DIR; };
		0C88B8591FD62B7A0098ADB6 /* TripPlannerUITests.swift */ = {isa = PBXFileReference; lastKnownFileType = sourcecode.swift; path = TripPlannerUITests.swift; sourceTree = "<group>"; };
		0C88B85B1FD62B7A0098ADB6 /* Info.plist */ = {isa = PBXFileReference; lastKnownFileType = text.plist.xml; path = Info.plist; sourceTree = "<group>"; };
		0C88B8671FD62C150098ADB6 /* main screen.jpeg */ = {isa = PBXFileReference; lastKnownFileType = image.jpeg; path = "main screen.jpeg"; sourceTree = "<group>"; };
		0C88B8681FD62CD50098ADB6 /* Screen Shot 2017-12-04 at 5.23.29 PM.png */ = {isa = PBXFileReference; lastKnownFileType = image.png; path = "Screen Shot 2017-12-04 at 5.23.29 PM.png"; sourceTree = "<group>"; };
		0CD1D46E1FD8C4FE005747DE /* Resource.swift */ = {isa = PBXFileReference; lastKnownFileType = sourcecode.swift; path = Resource.swift; sourceTree = "<group>"; };
		0CD1D4701FD8CDAB005747DE /* Networking.swift */ = {isa = PBXFileReference; lastKnownFileType = sourcecode.swift; path = Networking.swift; sourceTree = "<group>"; };
/* End PBXFileReference section */

/* Begin PBXFrameworksBuildPhase section */
		0C88B8331FD62B7A0098ADB6 /* Frameworks */ = {
			isa = PBXFrameworksBuildPhase;
			buildActionMask = 2147483647;
			files = (
			);
			runOnlyForDeploymentPostprocessing = 0;
		};
		0C88B8471FD62B7A0098ADB6 /* Frameworks */ = {
			isa = PBXFrameworksBuildPhase;
			buildActionMask = 2147483647;
			files = (
			);
			runOnlyForDeploymentPostprocessing = 0;
		};
		0C88B8521FD62B7A0098ADB6 /* Frameworks */ = {
			isa = PBXFrameworksBuildPhase;
			buildActionMask = 2147483647;
			files = (
			);
			runOnlyForDeploymentPostprocessing = 0;
		};
/* End PBXFrameworksBuildPhase section */

/* Begin PBXGroup section */
		0C88B82D1FD62B7A0098ADB6 = {
			isa = PBXGroup;
			children = (
				0C88B8381FD62B7A0098ADB6 /* TripPlanner */,
				0C88B84D1FD62B7A0098ADB6 /* TripPlannerTests */,
				0C88B8581FD62B7A0098ADB6 /* TripPlannerUITests */,
				0C88B8371FD62B7A0098ADB6 /* Products */,
			);
			sourceTree = "<group>";
		};
		0C88B8371FD62B7A0098ADB6 /* Products */ = {
			isa = PBXGroup;
			children = (
				0C88B8361FD62B7A0098ADB6 /* TripPlanner.app */,
				0C88B84A1FD62B7A0098ADB6 /* TripPlannerTests.xctest */,
				0C88B8551FD62B7A0098ADB6 /* TripPlannerUITests.xctest */,
			);
			name = Products;
			sourceTree = "<group>";
		};
		0C88B8381FD62B7A0098ADB6 /* TripPlanner */ = {
			isa = PBXGroup;
			children = (
				0C88B8391FD62B7A0098ADB6 /* AppDelegate.swift */,
				0C88B83B1FD62B7A0098ADB6 /* ViewController.swift */,
				0C3E65991FD8BC5F00741EB3 /* space_shuttle_360.png */,
				0C3E659A1FD8BC6F00741EB3 /* Screen Shot 2017-12-04 at 5.23.29 PM.png */,
				0C3E659B1FD8BC8100741EB3 /* trip_planner_360.png */,
				0C88B83D1FD62B7A0098ADB6 /* Main.storyboard */,
				0C3E659C1FD8BCFE00741EB3 /* SignUpViewController.swift */,
				0C3E659E1FD8BF1300741EB3 /* User.swift */,
				0C3E65971FD8BC2A00741EB3 /* LogInViewController.swift */,
				0C88B8401FD62B7A0098ADB6 /* Assets.xcassets */,
				0C88B8681FD62CD50098ADB6 /* Screen Shot 2017-12-04 at 5.23.29 PM.png */,
				0C88B8421FD62B7A0098ADB6 /* LaunchScreen.storyboard */,
				0C88B8671FD62C150098ADB6 /* main screen.jpeg */,
				0C88B8451FD62B7A0098ADB6 /* Info.plist */,
				0CD1D46E1FD8C4FE005747DE /* Resource.swift */,
				0CD1D4701FD8CDAB005747DE /* Networking.swift */,
			);
			path = TripPlanner;
			sourceTree = "<group>";
		};
		0C88B84D1FD62B7A0098ADB6 /* TripPlannerTests */ = {
			isa = PBXGroup;
			children = (
				0C88B84E1FD62B7A0098ADB6 /* TripPlannerTests.swift */,
				0C88B8501FD62B7A0098ADB6 /* Info.plist */,
			);
			path = TripPlannerTests;
			sourceTree = "<group>";
		};
		0C88B8581FD62B7A0098ADB6 /* TripPlannerUITests */ = {
			isa = PBXGroup;
			children = (
				0C88B8591FD62B7A0098ADB6 /* TripPlannerUITests.swift */,
				0C88B85B1FD62B7A0098ADB6 /* Info.plist */,
			);
			path = TripPlannerUITests;
			sourceTree = "<group>";
		};
/* End PBXGroup section */

/* Begin PBXNativeTarget section */
		0C88B8351FD62B7A0098ADB6 /* TripPlanner */ = {
			isa = PBXNativeTarget;
			buildConfigurationList = 0C88B85E1FD62B7A0098ADB6 /* Build configuration list for PBXNativeTarget "TripPlanner" */;
			buildPhases = (
				0C88B8321FD62B7A0098ADB6 /* Sources */,
				0C88B8331FD62B7A0098ADB6 /* Frameworks */,
				0C88B8341FD62B7A0098ADB6 /* Resources */,
			);
			buildRules = (
			);
			dependencies = (
			);
			name = TripPlanner;
			productName = TripPlanner;
			productReference = 0C88B8361FD62B7A0098ADB6 /* TripPlanner.app */;
			productType = "com.apple.product-type.application";
		};
		0C88B8491FD62B7A0098ADB6 /* TripPlannerTests */ = {
			isa = PBXNativeTarget;
			buildConfigurationList = 0C88B8611FD62B7A0098ADB6 /* Build configuration list for PBXNativeTarget "TripPlannerTests" */;
			buildPhases = (
				0C88B8461FD62B7A0098ADB6 /* Sources */,
				0C88B8471FD62B7A0098ADB6 /* Frameworks */,
				0C88B8481FD62B7A0098ADB6 /* Resources */,
			);
			buildRules = (
			);
			dependencies = (
				0C88B84C1FD62B7A0098ADB6 /* PBXTargetDependency */,
			);
			name = TripPlannerTests;
			productName = TripPlannerTests;
			productReference = 0C88B84A1FD62B7A0098ADB6 /* TripPlannerTests.xctest */;
			productType = "com.apple.product-type.bundle.unit-test";
		};
		0C88B8541FD62B7A0098ADB6 /* TripPlannerUITests */ = {
			isa = PBXNativeTarget;
			buildConfigurationList = 0C88B8641FD62B7A0098ADB6 /* Build configuration list for PBXNativeTarget "TripPlannerUITests" */;
			buildPhases = (
				0C88B8511FD62B7A0098ADB6 /* Sources */,
				0C88B8521FD62B7A0098ADB6 /* Frameworks */,
				0C88B8531FD62B7A0098ADB6 /* Resources */,
			);
			buildRules = (
			);
			dependencies = (
				0C88B8571FD62B7A0098ADB6 /* PBXTargetDependency */,
			);
			name = TripPlannerUITests;
			productName = TripPlannerUITests;
			productReference = 0C88B8551FD62B7A0098ADB6 /* TripPlannerUITests.xctest */;
			productType = "com.apple.product-type.bundle.ui-testing";
		};
/* End PBXNativeTarget section */

/* Begin PBXProject section */
		0C88B82E1FD62B7A0098ADB6 /* Project object */ = {
			isa = PBXProject;
			attributes = {
				LastSwiftUpdateCheck = 0900;
				LastUpgradeCheck = 0900;
				ORGANIZATIONNAME = "Tia King";
				TargetAttributes = {
					0C88B8351FD62B7A0098ADB6 = {
						CreatedOnToolsVersion = 9.0;
						ProvisioningStyle = Automatic;
					};
					0C88B8491FD62B7A0098ADB6 = {
						CreatedOnToolsVersion = 9.0;
						ProvisioningStyle = Automatic;
						TestTargetID = 0C88B8351FD62B7A0098ADB6;
					};
					0C88B8541FD62B7A0098ADB6 = {
						CreatedOnToolsVersion = 9.0;
						ProvisioningStyle = Automatic;
						TestTargetID = 0C88B8351FD62B7A0098ADB6;
					};
				};
			};
			buildConfigurationList = 0C88B8311FD62B7A0098ADB6 /* Build configuration list for PBXProject "TripPlanner" */;
			compatibilityVersion = "Xcode 8.0";
			developmentRegion = en;
			hasScannedForEncodings = 0;
			knownRegions = (
				en,
				Base,
			);
			mainGroup = 0C88B82D1FD62B7A0098ADB6;
			productRefGroup = 0C88B8371FD62B7A0098ADB6 /* Products */;
			projectDirPath = "";
			projectRoot = "";
			targets = (
				0C88B8351FD62B7A0098ADB6 /* TripPlanner */,
				0C88B8491FD62B7A0098ADB6 /* TripPlannerTests */,
				0C88B8541FD62B7A0098ADB6 /* TripPlannerUITests */,
			);
		};
/* End PBXProject section */

/* Begin PBXResourcesBuildPhase section */
		0C88B8341FD62B7A0098ADB6 /* Resources */ = {
			isa = PBXResourcesBuildPhase;
			buildActionMask = 2147483647;
			files = (
				0C88B8441FD62B7A0098ADB6 /* LaunchScreen.storyboard in Resources */,
				0C88B8411FD62B7A0098ADB6 /* Assets.xcassets in Resources */,
				0C88B83F1FD62B7A0098ADB6 /* Main.storyboard in Resources */,
			);
			runOnlyForDeploymentPostprocessing = 0;
		};
		0C88B8481FD62B7A0098ADB6 /* Resources */ = {
			isa = PBXResourcesBuildPhase;
			buildActionMask = 2147483647;
			files = (
			);
			runOnlyForDeploymentPostprocessing = 0;
		};
		0C88B8531FD62B7A0098ADB6 /* Resources */ = {
			isa = PBXResourcesBuildPhase;
			buildActionMask = 2147483647;
			files = (
			);
			runOnlyForDeploymentPostprocessing = 0;
		};
/* End PBXResourcesBuildPhase section */

/* Begin PBXSourcesBuildPhase section */
		0C88B8321FD62B7A0098ADB6 /* Sources */ = {
			isa = PBXSourcesBuildPhase;
			buildActionMask = 2147483647;
			files = (
				0C88B83C1FD62B7A0098ADB6 /* ViewController.swift in Sources */,
				0C88B83A1FD62B7A0098ADB6 /* AppDelegate.swift in Sources */,
				0C3E659D1FD8BCFE00741EB3 /* SignUpViewController.swift in Sources */,
				0CD1D46F1FD8C4FE005747DE /* Resource.swift in Sources */,
				0C3E659F1FD8BF1300741EB3 /* User.swift in Sources */,
				0C3E65981FD8BC2A00741EB3 /* LogInViewController.swift in Sources */,
				0CD1D4711FD8CDAB005747DE /* Networking.swift in Sources */,
			);
			runOnlyForDeploymentPostprocessing = 0;
		};
		0C88B8461FD62B7A0098ADB6 /* Sources */ = {
			isa = PBXSourcesBuildPhase;
			buildActionMask = 2147483647;
			files = (
				0C88B84F1FD62B7A0098ADB6 /* TripPlannerTests.swift in Sources */,
			);
			runOnlyForDeploymentPostprocessing = 0;
		};
		0C88B8511FD62B7A0098ADB6 /* Sources */ = {
			isa = PBXSourcesBuildPhase;
			buildActionMask = 2147483647;
			files = (
				0C88B85A1FD62B7A0098ADB6 /* TripPlannerUITests.swift in Sources */,
			);
			runOnlyForDeploymentPostprocessing = 0;
		};
/* End PBXSourcesBuildPhase section */

/* Begin PBXTargetDependency section */
		0C88B84C1FD62B7A0098ADB6 /* PBXTargetDependency */ = {
			isa = PBXTargetDependency;
			target = 0C88B8351FD62B7A0098ADB6 /* TripPlanner */;
			targetProxy = 0C88B84B1FD62B7A0098ADB6 /* PBXContainerItemProxy */;
		};
		0C88B8571FD62B7A0098ADB6 /* PBXTargetDependency */ = {
			isa = PBXTargetDependency;
			target = 0C88B8351FD62B7A0098ADB6 /* TripPlanner */;
			targetProxy = 0C88B8561FD62B7A0098ADB6 /* PBXContainerItemProxy */;
		};
/* End PBXTargetDependency section */

/* Begin PBXVariantGroup section */
		0C88B83D1FD62B7A0098ADB6 /* Main.storyboard */ = {
			isa = PBXVariantGroup;
			children = (
				0C88B83E1FD62B7A0098ADB6 /* Base */,
			);
			name = Main.storyboard;
			sourceTree = "<group>";
		};
		0C88B8421FD62B7A0098ADB6 /* LaunchScreen.storyboard */ = {
			isa = PBXVariantGroup;
			children = (
				0C88B8431FD62B7A0098ADB6 /* Base */,
			);
			name = LaunchScreen.storyboard;
			sourceTree = "<group>";
		};
/* End PBXVariantGroup section */

/* Begin XCBuildConfiguration section */
		0C88B85C1FD62B7A0098ADB6 /* Debug */ = {
			isa = XCBuildConfiguration;
			buildSettings = {
				ALWAYS_SEARCH_USER_PATHS = NO;
				CLANG_ANALYZER_NONNULL = YES;
				CLANG_ANALYZER_NUMBER_OBJECT_CONVERSION = YES_AGGRESSIVE;
				CLANG_CXX_LANGUAGE_STANDARD = "gnu++14";
				CLANG_CXX_LIBRARY = "libc++";
				CLANG_ENABLE_MODULES = YES;
				CLANG_ENABLE_OBJC_ARC = YES;
				CLANG_WARN_BLOCK_CAPTURE_AUTORELEASING = YES;
				CLANG_WARN_BOOL_CONVERSION = YES;
				CLANG_WARN_COMMA = YES;
				CLANG_WARN_CONSTANT_CONVERSION = YES;
				CLANG_WARN_DIRECT_OBJC_ISA_USAGE = YES_ERROR;
				CLANG_WARN_DOCUMENTATION_COMMENTS = YES;
				CLANG_WARN_EMPTY_BODY = YES;
				CLANG_WARN_ENUM_CONVERSION = YES;
				CLANG_WARN_INFINITE_RECURSION = YES;
				CLANG_WARN_INT_CONVERSION = YES;
				CLANG_WARN_NON_LITERAL_NULL_CONVERSION = YES;
				CLANG_WARN_OBJC_LITERAL_CONVERSION = YES;
				CLANG_WARN_OBJC_ROOT_CLASS = YES_ERROR;
				CLANG_WARN_RANGE_LOOP_ANALYSIS = YES;
				CLANG_WARN_STRICT_PROTOTYPES = YES;
				CLANG_WARN_SUSPICIOUS_MOVE = YES;
				CLANG_WARN_UNGUARDED_AVAILABILITY = YES_AGGRESSIVE;
				CLANG_WARN_UNREACHABLE_CODE = YES;
				CLANG_WARN__DUPLICATE_METHOD_MATCH = YES;
				CODE_SIGN_IDENTITY = "iPhone Developer";
				COPY_PHASE_STRIP = NO;
				DEBUG_INFORMATION_FORMAT = dwarf;
				ENABLE_STRICT_OBJC_MSGSEND = YES;
				ENABLE_TESTABILITY = YES;
				GCC_C_LANGUAGE_STANDARD = gnu11;
				GCC_DYNAMIC_NO_PIC = NO;
				GCC_NO_COMMON_BLOCKS = YES;
				GCC_OPTIMIZATION_LEVEL = 0;
				GCC_PREPROCESSOR_DEFINITIONS = (
					"DEBUG=1",
					"$(inherited)",
				);
				GCC_WARN_64_TO_32_BIT_CONVERSION = YES;
				GCC_WARN_ABOUT_RETURN_TYPE = YES_ERROR;
				GCC_WARN_UNDECLARED_SELECTOR = YES;
				GCC_WARN_UNINITIALIZED_AUTOS = YES_AGGRESSIVE;
				GCC_WARN_UNUSED_FUNCTION = YES;
				GCC_WARN_UNUSED_VARIABLE = YES;
				IPHONEOS_DEPLOYMENT_TARGET = 11.0;
				MTL_ENABLE_DEBUG_INFO = YES;
				ONLY_ACTIVE_ARCH = YES;
				SDKROOT = iphoneos;
				SWIFT_ACTIVE_COMPILATION_CONDITIONS = DEBUG;
				SWIFT_OPTIMIZATION_LEVEL = "-Onone";
			};
			name = Debug;
		};
		0C88B85D1FD62B7A0098ADB6 /* Release */ = {
			isa = XCBuildConfiguration;
			buildSettings = {
				ALWAYS_SEARCH_USER_PATHS = NO;
				CLANG_ANALYZER_NONNULL = YES;
				CLANG_ANALYZER_NUMBER_OBJECT_CONVERSION = YES_AGGRESSIVE;
				CLANG_CXX_LANGUAGE_STANDARD = "gnu++14";
				CLANG_CXX_LIBRARY = "libc++";
				CLANG_ENABLE_MODULES = YES;
				CLANG_ENABLE_OBJC_ARC = YES;
				CLANG_WARN_BLOCK_CAPTURE_AUTORELEASING = YES;
				CLANG_WARN_BOOL_CONVERSION = YES;
				CLANG_WARN_COMMA = YES;
				CLANG_WARN_CONSTANT_CONVERSION = YES;
				CLANG_WARN_DIRECT_OBJC_ISA_USAGE = YES_ERROR;
				CLANG_WARN_DOCUMENTATION_COMMENTS = YES;
				CLANG_WARN_EMPTY_BODY = YES;
				CLANG_WARN_ENUM_CONVERSION = YES;
				CLANG_WARN_INFINITE_RECURSION = YES;
				CLANG_WARN_INT_CONVERSION = YES;
				CLANG_WARN_NON_LITERAL_NULL_CONVERSION = YES;
				CLANG_WARN_OBJC_LITERAL_CONVERSION = YES;
				CLANG_WARN_OBJC_ROOT_CLASS = YES_ERROR;
				CLANG_WARN_RANGE_LOOP_ANALYSIS = YES;
				CLANG_WARN_STRICT_PROTOTYPES = YES;
				CLANG_WARN_SUSPICIOUS_MOVE = YES;
				CLANG_WARN_UNGUARDED_AVAILABILITY = YES_AGGRESSIVE;
				CLANG_WARN_UNREACHABLE_CODE = YES;
				CLANG_WARN__DUPLICATE_METHOD_MATCH = YES;
				CODE_SIGN_IDENTITY = "iPhone Developer";
				COPY_PHASE_STRIP = NO;
				DEBUG_INFORMATION_FORMAT = "dwarf-with-dsym";
				ENABLE_NS_ASSERTIONS = NO;
				ENABLE_STRICT_OBJC_MSGSEND = YES;
				GCC_C_LANGUAGE_STANDARD = gnu11;
				GCC_NO_COMMON_BLOCKS = YES;
				GCC_WARN_64_TO_32_BIT_CONVERSION = YES;
				GCC_WARN_ABOUT_RETURN_TYPE = YES_ERROR;
				GCC_WARN_UNDECLARED_SELECTOR = YES;
				GCC_WARN_UNINITIALIZED_AUTOS = YES_AGGRESSIVE;
				GCC_WARN_UNUSED_FUNCTION = YES;
				GCC_WARN_UNUSED_VARIABLE = YES;
				IPHONEOS_DEPLOYMENT_TARGET = 11.0;
				MTL_ENABLE_DEBUG_INFO = NO;
				SDKROOT = iphoneos;
				SWIFT_OPTIMIZATION_LEVEL = "-Owholemodule";
				VALIDATE_PRODUCT = YES;
			};
			name = Release;
		};
		0C88B85F1FD62B7A0098ADB6 /* Debug */ = {
			isa = XCBuildConfiguration;
			buildSettings = {
				ASSETCATALOG_COMPILER_APPICON_NAME = AppIcon;
				CODE_SIGN_STYLE = Automatic;
				INFOPLIST_FILE = TripPlanner/Info.plist;
				LD_RUNPATH_SEARCH_PATHS = "$(inherited) @executable_path/Frameworks";
				PRODUCT_BUNDLE_IDENTIFIER = "Tia-King.TripPlanner";
				PRODUCT_NAME = "$(TARGET_NAME)";
				SWIFT_VERSION = 4.0;
				TARGETED_DEVICE_FAMILY = "1,2";
			};
			name = Debug;
		};
		0C88B8601FD62B7A0098ADB6 /* Release */ = {
			isa = XCBuildConfiguration;
			buildSettings = {
				ASSETCATALOG_COMPILER_APPICON_NAME = AppIcon;
				CODE_SIGN_STYLE = Automatic;
				INFOPLIST_FILE = TripPlanner/Info.plist;
				LD_RUNPATH_SEARCH_PATHS = "$(inherited) @executable_path/Frameworks";
				PRODUCT_BUNDLE_IDENTIFIER = "Tia-King.TripPlanner";
				PRODUCT_NAME = "$(TARGET_NAME)";
				SWIFT_VERSION = 4.0;
				TARGETED_DEVICE_FAMILY = "1,2";
			};
			name = Release;
		};
		0C88B8621FD62B7A0098ADB6 /* Debug */ = {
			isa = XCBuildConfiguration;
			buildSettings = {
				ALWAYS_EMBED_SWIFT_STANDARD_LIBRARIES = YES;
				BUNDLE_LOADER = "$(TEST_HOST)";
				CODE_SIGN_STYLE = Automatic;
				INFOPLIST_FILE = TripPlannerTests/Info.plist;
				LD_RUNPATH_SEARCH_PATHS = "$(inherited) @executable_path/Frameworks @loader_path/Frameworks";
				PRODUCT_BUNDLE_IDENTIFIER = "Tia-King.TripPlannerTests";
				PRODUCT_NAME = "$(TARGET_NAME)";
				SWIFT_VERSION = 4.0;
				TARGETED_DEVICE_FAMILY = "1,2";
				TEST_HOST = "$(BUILT_PRODUCTS_DIR)/TripPlanner.app/TripPlanner";
			};
			name = Debug;
		};
		0C88B8631FD62B7A0098ADB6 /* Release */ = {
			isa = XCBuildConfiguration;
			buildSettings = {
				ALWAYS_EMBED_SWIFT_STANDARD_LIBRARIES = YES;
				BUNDLE_LOADER = "$(TEST_HOST)";
				CODE_SIGN_STYLE = Automatic;
				INFOPLIST_FILE = TripPlannerTests/Info.plist;
				LD_RUNPATH_SEARCH_PATHS = "$(inherited) @executable_path/Frameworks @loader_path/Frameworks";
				PRODUCT_BUNDLE_IDENTIFIER = "Tia-King.TripPlannerTests";
				PRODUCT_NAME = "$(TARGET_NAME)";
				SWIFT_VERSION = 4.0;
				TARGETED_DEVICE_FAMILY = "1,2";
				TEST_HOST = "$(BUILT_PRODUCTS_DIR)/TripPlanner.app/TripPlanner";
			};
			name = Release;
		};
		0C88B8651FD62B7A0098ADB6 /* Debug */ = {
			isa = XCBuildConfiguration;
			buildSettings = {
				ALWAYS_EMBED_SWIFT_STANDARD_LIBRARIES = YES;
				CODE_SIGN_STYLE = Automatic;
				INFOPLIST_FILE = TripPlannerUITests/Info.plist;
				LD_RUNPATH_SEARCH_PATHS = "$(inherited) @executable_path/Frameworks @loader_path/Frameworks";
				PRODUCT_BUNDLE_IDENTIFIER = "Tia-King.TripPlannerUITests";
				PRODUCT_NAME = "$(TARGET_NAME)";
				SWIFT_VERSION = 4.0;
				TARGETED_DEVICE_FAMILY = "1,2";
				TEST_TARGET_NAME = TripPlanner;
			};
			name = Debug;
		};
		0C88B8661FD62B7A0098ADB6 /* Release */ = {
			isa = XCBuildConfiguration;
			buildSettings = {
				ALWAYS_EMBED_SWIFT_STANDARD_LIBRARIES = YES;
				CODE_SIGN_STYLE = Automatic;
				INFOPLIST_FILE = TripPlannerUITests/Info.plist;
				LD_RUNPATH_SEARCH_PATHS = "$(inherited) @executable_path/Frameworks @loader_path/Frameworks";
				PRODUCT_BUNDLE_IDENTIFIER = "Tia-King.TripPlannerUITests";
				PRODUCT_NAME = "$(TARGET_NAME)";
				SWIFT_VERSION = 4.0;
				TARGETED_DEVICE_FAMILY = "1,2";
				TEST_TARGET_NAME = TripPlanner;
			};
			name = Release;
		};
/* End XCBuildConfiguration section */

/* Begin XCConfigurationList section */
		0C88B8311FD62B7A0098ADB6 /* Build configuration list for PBXProject "TripPlanner" */ = {
			isa = XCConfigurationList;
			buildConfigurations = (
				0C88B85C1FD62B7A0098ADB6 /* Debug */,
				0C88B85D1FD62B7A0098ADB6 /* Release */,
			);
			defaultConfigurationIsVisible = 0;
			defaultConfigurationName = Release;
		};
		0C88B85E1FD62B7A0098ADB6 /* Build configuration list for PBXNativeTarget "TripPlanner" */ = {
			isa = XCConfigurationList;
			buildConfigurations = (
				0C88B85F1FD62B7A0098ADB6 /* Debug */,
				0C88B8601FD62B7A0098ADB6 /* Release */,
			);
			defaultConfigurationIsVisible = 0;
			defaultConfigurationName = Release;
		};
		0C88B8611FD62B7A0098ADB6 /* Build configuration list for PBXNativeTarget "TripPlannerTests" */ = {
			isa = XCConfigurationList;
			buildConfigurations = (
				0C88B8621FD62B7A0098ADB6 /* Debug */,
				0C88B8631FD62B7A0098ADB6 /* Release */,
			);
			defaultConfigurationIsVisible = 0;
			defaultConfigurationName = Release;
		};
		0C88B8641FD62B7A0098ADB6 /* Build configuration list for PBXNativeTarget "TripPlannerUITests" */ = {
			isa = XCConfigurationList;
			buildConfigurations = (
				0C88B8651FD62B7A0098ADB6 /* Debug */,
				0C88B8661FD62B7A0098ADB6 /* Release */,
			);
			defaultConfigurationIsVisible = 0;
			defaultConfigurationName = Release;
		};
/* End XCConfigurationList section */
	};
	rootObject = 0C88B82E1FD62B7A0098ADB6 /* Project object */;
}
